<?xml version="1.0" encoding="utf-8"?>
<Project ToolsVersion="4.0" xmlns="http://schemas.microsoft.com/developer/msbuild/2003">
  <ItemGroup>
    <Filter Include="Source Files">
      <UniqueIdentifier>{4FC737F1-C7A5-4376-A066-2A32D752A2FF}</UniqueIdentifier>
      <Extensions>cpp;c;cc;cxx;def;odl;idl;hpj;bat;asm;asmx</Extensions>
    </Filter>
    <Filter Include="Header Files">
      <UniqueIdentifier>{93995380-89BD-4b04-88EB-625FBE52EBFB}</UniqueIdentifier>
      <Extensions>h;hh;hpp;hxx;hm;inl;inc;xsd</Extensions>
    </Filter>
    <Filter Include="Resource Files">
      <UniqueIdentifier>{67DA6AB6-F800-4c08-8B7A-83BB121AAD01}</UniqueIdentifier>
      <Extensions>rc;ico;cur;bmp;dlg;rc2;rct;bin;rgs;gif;jpg;jpeg;jpe;resx;tiff;tif;png;wav</Extensions>
    </Filter>
  </ItemGroup>
  <ItemGroup>
    <ClCompile Include="BBApi.cpp">
      <Filter>Source Files</Filter>
    </ClCompile>
    <ClCompile Include="BBRoot.cpp">
      <Filter>Source Files</Filter>
    </ClCompile>
    <ClCompile Include="BBVWM.cpp">
      <Filter>Source Files</Filter>
    </ClCompile>
    <ClCompile Include="BImage.cpp">
      <Filter>Source Files</Filter>
    </ClCompile>
    <ClCompile Include="Blackbox.cpp">
      <Filter>Source Files</Filter>
    </ClCompile>
    <ClCompile Include="ConfigMenu.cpp">
      <Filter>Source Files</Filter>
    </ClCompile>
    <ClCompile Include="Desk.cpp">
      <Filter>Source Files</Filter>
    </ClCompile>
    <ClCompile Include="DesktopMenu.cpp">
      <Filter>Source Files</Filter>
    </ClCompile>
    <ClCompile Include="DrawText.cpp">
      <Filter>Source Files</Filter>
    </ClCompile>
    <ClCompile Include="MessageManager.cpp">
      <Filter>Source Files</Filter>
    </ClCompile>
    <ClCompile Include="Settings.cpp">
      <Filter>Source Files</Filter>
    </ClCompile>
    <ClCompile Include="Toolbar.cpp">
      <Filter>Source Files</Filter>
    </ClCompile>
    <ClCompile Include="Tray.cpp">
      <Filter>Source Files</Filter>
    </ClCompile>
    <ClCompile Include="Utils.cpp">
      <Filter>Source Files</Filter>
    </ClCompile>
    <ClCompile Include="Workspaces.cpp">
      <Filter>Source Files</Filter>
    </ClCompile>
    <ClCompile Include="Menu\CommandItem.cpp">
      <Filter>Source Files</Filter>
    </ClCompile>
    <ClCompile Include="Menu\Contextmenu.cpp">
      <Filter>Source Files</Filter>
    </ClCompile>
    <ClCompile Include="Menu\Dragsource.cpp">
      <Filter>Source Files</Filter>
    </ClCompile>
    <ClCompile Include="Menu\Droptarget.cpp">
      <Filter>Source Files</Filter>
    </ClCompile>
    <ClCompile Include="Menu\FolderItem.cpp">
      <Filter>Source Files</Filter>
    </ClCompile>
    <ClCompile Include="Menu\Menu.cpp">
      <Filter>Source Files</Filter>
    </ClCompile>
    <ClCompile Include="Menu\MenuItem.cpp">
      <Filter>Source Files</Filter>
    </ClCompile>
    <ClCompile Include="Menu\MenuMaker.cpp">
      <Filter>Source Files</Filter>
    </ClCompile>
    <ClCompile Include="Menu\RecentItem.cpp">
      <Filter>Source Files</Filter>
    </ClCompile>
    <ClCompile Include="Menu\SearchItem.cpp">
      <Filter>Source Files</Filter>
    </ClCompile>
    <ClCompile Include="Menu\SpecialFolder.cpp">
      <Filter>Source Files</Filter>
    </ClCompile>
    <ClCompile Include="Menu\TitleItem.cpp">
      <Filter>Source Files</Filter>
    </ClCompile>
    <ClCompile Include="PluginManager\PluginLoaderNative.cpp">
      <Filter>Source Files</Filter>
    </ClCompile>
    <ClCompile Include="PluginManager\PluginManager.cpp">
      <Filter>Source Files</Filter>
    </ClCompile>
    <ClCompile Include="Search\complete.cpp">
      <Filter>Source Files</Filter>
    </ClCompile>
    <ClCompile Include="Search\history.cpp">
      <Filter>Source Files</Filter>
    </ClCompile>
    <ClCompile Include="Search\index.cpp">
      <Filter>Source Files</Filter>
    </ClCompile>
    <ClCompile Include="Search\lookup.cpp">
      <Filter>Source Files</Filter>
    </ClCompile>
    <ClCompile Include="Search\rc.cpp">
      <Filter>Source Files</Filter>
    </ClCompile>
  </ItemGroup>
  <ItemGroup>
    <ClInclude Include="BB.h">
      <Filter>Header Files</Filter>
    </ClInclude>
    <ClInclude Include="BBApi.h">
      <Filter>Header Files</Filter>
    </ClInclude>
    <ClInclude Include="BBApiPluginloader.h">
      <Filter>Header Files</Filter>
    </ClInclude>
    <ClInclude Include="BBSendData.h">
      <Filter>Header Files</Filter>
    </ClInclude>
    <ClInclude Include="bbversion.h">
      <Filter>Header Files</Filter>
    </ClInclude>
    <ClInclude Include="BBVWM.h">
      <Filter>Header Files</Filter>
    </ClInclude>
    <ClInclude Include="BImage.h">
      <Filter>Header Files</Filter>
    </ClInclude>
    <ClInclude Include="DataTypes.h">
      <Filter>Header Files</Filter>
    </ClInclude>
    <ClInclude Include="Desk.h">
      <Filter>Header Files</Filter>
    </ClInclude>
    <ClInclude Include="DrawText.h">
      <Filter>Header Files</Filter>
    </ClInclude>
    <ClInclude Include="MessageManager.h">
      <Filter>Header Files</Filter>
    </ClInclude>
    <ClInclude Include="Settings.h">
      <Filter>Header Files</Filter>
    </ClInclude>
    <ClInclude Include="StyleItem.h">
      <Filter>Header Files</Filter>
    </ClInclude>
    <ClInclude Include="Stylestruct.h">
      <Filter>Header Files</Filter>
    </ClInclude>
    <ClInclude Include="Toolbar.h">
      <Filter>Header Files</Filter>
    </ClInclude>
    <ClInclude Include="Tray.h">
      <Filter>Header Files</Filter>
    </ClInclude>
    <ClInclude Include="win0x500.h">
      <Filter>Header Files</Filter>
    </ClInclude>
    <ClInclude Include="worker.h">
      <Filter>Header Files</Filter>
    </ClInclude>
    <ClInclude Include="Workspaces.h">
      <Filter>Header Files</Filter>
    </ClInclude>
    <ClInclude Include="Menu\Menu.h">
      <Filter>Header Files</Filter>
    </ClInclude>
    <ClInclude Include="Menu\MenuMaker.h">
      <Filter>Header Files</Filter>
    </ClInclude>
    <ClInclude Include="Menu\RecentItem.h">
      <Filter>Header Files</Filter>
    </ClInclude>
    <ClInclude Include="Menu\ResultItemAction.h">
      <Filter>Header Files</Filter>
    </ClInclude>
    <ClInclude Include="Menu\SearchItem.h">
      <Filter>Header Files</Filter>
    </ClInclude>
    <ClInclude Include="PluginManager\PluginLoaderNative.h">
      <Filter>Header Files</Filter>
    </ClInclude>
    <ClInclude Include="PluginManager\PluginManager.h">
      <Filter>Header Files</Filter>
    </ClInclude>
    <ClInclude Include="PluginManager\Types.h">
      <Filter>Header Files</Filter>
    </ClInclude>
    <ClInclude Include="Search\complete.h">
      <Filter>Header Files</Filter>
    </ClInclude>
    <ClInclude Include="Search\config.h">
      <Filter>Header Files</Filter>
    </ClInclude>
    <ClInclude Include="Search\history.h">
      <Filter>Header Files</Filter>
    </ClInclude>
    <ClInclude Include="Search\index.h">
      <Filter>Header Files</Filter>
    </ClInclude>
    <ClInclude Include="Search\jobmanager.h">
      <Filter>Header Files</Filter>
    </ClInclude>
    <ClInclude Include="Search\lookup.h">
      <Filter>Header Files</Filter>
    </ClInclude>
    <ClInclude Include="Search\rc.h">
      <Filter>Header Files</Filter>
    </ClInclude>
    <ClInclude Include="Search\regex.h">
      <Filter>Header Files</Filter>
    </ClInclude>
    <ClInclude Include="Search\search.h">
      <Filter>Header Files</Filter>
    </ClInclude>
    <ClInclude Include="Search\SearchLocationInfo.h">
      <Filter>Header Files</Filter>
    </ClInclude>
    <ClInclude Include="Search\serialize.h">
      <Filter>Header Files</Filter>
    </ClInclude>
    <ClInclude Include="Search\tmp.h">
      <Filter>Header Files</Filter>
    </ClInclude>
    <ClInclude Include="Search\unicode.h">
      <Filter>Header Files</Filter>
    </ClInclude>
  </ItemGroup>
</Project>